{
    "_readme": [
        "This file locks the dependencies of your project to a known state",
        "Read more about it at https://getcomposer.org/doc/01-basic-usage.md#composer-lock-the-lock-file",
        "This file is @generated automatically"
    ],
    "hash": "9c127a9d743edcba47191dc974ca2436",
    "content-hash": "14a876a5c280aaa8181e78cff4a8a3c8",
    "packages": [
        {
            "name": "robertblackwell/gallery",
            "version": "dev-master",
            "source": {
                "type": "git",
                "url": "/Users/rob/git-repos/gallery",
                "reference": "401e67a4e57eff9a9a727841ca0689555f683cf2"
            },
            "require": {
                "robertblackwell/trace": "@dev"
            },
            "require-dev": {
                "simpletest/simpletest": "dev-master"
            },
            "type": "library",
            "autoload": {
                "psr-0": {
                    "Gallery": "src/"
                }
            },
            "license": [
                "MIT"
            ],
            "authors": [
                {
                    "name": "Robert Blackwell",
                    "homepage": "https://github.com/robertblackwell"
                }
            ],
            "description": "A simple photo gallery library ",
            "homepage": "https://github.com/robertblackwell/gallery",
            "keywords": [
                "gallery",
                "photo",
                "php"
            ],
            "time": "2013-11-26 18:38:36"
        },
        {
            "name": "robertblackwell/gpscoordinates",
            "version": "dev-master",
            "source": {
                "type": "git",
                "url": "/Users/rob/git-repos/gps",
                "reference": "348cfd1c4c42f2001d167f1b4ad6409a92ddddf0"
            },
            "require": {
                "robertblackwell/trace": "@dev"
            },
            "require-dev": {
                "simpletest/simpletest": "dev-master"
            },
            "type": "library",
            "autoload": {
                "classmap": [
                    "src/"
                ]
            },
            "license": [
                "MIT"
            ],
            "authors": [
                {
                    "name": "Robert Blackwell",
                    "homepage": "https://github.com/robertblackwell"
                }
            ],
            "description": "An object for managing GPS coordinates in many formats",
            "homepage": "https://github.com/robertblackwell/gps",
            "keywords": [
                "gps"
            ],
            "time": "2013-11-14 18:31:41"
        },
        {
            "name": "robertblackwell/trace",
            "version": "dev-master",
            "source": {
                "type": "git",
                "url": "/Users/rob/git-repos/trace",
                "reference": "96b3727175ee55411e76ad0e1956ab80692880b8"
            },
            "require-dev": {
                "simpletest/simpletest": "dev-master"
            },
            "type": "library",
            "autoload": {
                "psr-0": {
                    "Trace": "src/"
                }
            },
            "license": [
                "MIT"
            ],
            "authors": [
                {
                    "name": "Robert Blackwell",
                    "homepage": "https://github.com/robertblackwell"
                }
            ],
            "description": "A simple tracing library with easy on/off",
            "homepage": "https://github.com/robertblackwell/trace",
            "keywords": [
                "debug",
                "php",
                "trace"
            ],
            "time": "2014-06-03 17:28:11"
        }
    ],
    "packages-dev": [
        {
            "name": "kevinlebrun/colors.php",
            "version": "0.4.1",
            "source": {
                "type": "git",
                "url": "https://github.com/kevinlebrun/colors.php.git",
                "reference": "d132f36d06e48ea080855af19b4bcb1fb615224a"
            },
            "dist": {
                "type": "zip",
                "url": "https://api.github.com/repos/kevinlebrun/colors.php/zipball/d132f36d06e48ea080855af19b4bcb1fb615224a",
                "reference": "d132f36d06e48ea080855af19b4bcb1fb615224a",
                "shasum": ""
            },
            "require": {
                "php": ">=5.3.0"
            },
            "require-dev": {
                "phpunit/phpunit": "3.7.*",
                "satooshi/php-coveralls": "dev-master",
                "squizlabs/php_codesniffer": "1.*"
            },
            "type": "library",
            "autoload": {
                "psr-0": {
                    "Colors": "src/"
                }
            },
            "notification-url": "https://packagist.org/downloads/",
            "license": [
                "MIT"
            ],
            "authors": [
                {
                    "name": "Kevin Le Brun",
                    "email": "lebrun.k@gmail.com",
                    "homepage": "http://kevinlebrun.fr",
                    "role": "developer"
                }
            ],
            "description": "Colors for PHP CLI scripts",
            "homepage": "https://github.com/kevinlebrun/colors.php",
            "keywords": [
                "cli",
                "color",
                "colors",
                "console",
                "shell"
            ],
            "time": "2014-12-23 01:23:37"
        },
        {
            "name": "robertblackwell/litetest",
            "version": "dev-master",
            "source": {
                "type": "git",
                "url": "https://github.com/robertblackwell/litetest.git",
                "reference": "4f857299a64b060c2aada82fa8ce6c9b5a1c5724"
            },
            "require": {
                "kevinlebrun/colors.php": "0.*"
            },
            "bin": [
                "build/litetest.phar",
                "build/litetest"
            ],
            "type": "library",
            "autoload": {
                "psr-0": {
                    "LiteTest": "classes/"
                }
            },
            "license": [
                "MIT"
            ],
            "authors": [
                {
                    "name": "robertblackwell",
                    "homepage": "https://github.com/robertblackwell"
                }
            ],
            "description": "A lightweight unit testing package - fork of",
            "homepage": "https://github.com/robertblackwell/litetest",
            "keywords": [
                "lightweight",
                "php",
                "unit testing"
            ],
            "time": "2016-09-01 02:38:34"
        }
    ],
    "aliases": [],
    "minimum-stability": "stable",
    "stability-flags": {
        "robertblackwell/gpscoordinates": 20,
        "robertblackwell/gallery": 20,
        "robertblackwell/trace": 20,
        "robertblackwell/litetest": 20
    },
    "prefer-stable": false,
    "prefer-lowest": false,
    "platform": [],
    "platform-dev": []
}
