{
    "_readme": [
        "This file locks the dependencies of your project to a known state",
        "Read more about it at https://getcomposer.org/doc/01-basic-usage.md#installing-dependencies",
        "This file is @generated automatically"
    ],
    "content-hash": "81e92f6d26e3c25772d3951fa74dddb5",
    "packages": [
        {
            "name": "robertblackwell/gallery",
            "version": "dev-master",
            "source": {
                "type": "git",
                "url": "/Users/robertblackwell/git-repos/gallery",
                "reference": "ab308552789e5bbd21463a8f1197872336ecf919"
            },
            "require": {
                "robertblackwell/trace": "dev-master"
            },
            "require-dev": {
                "simpletest/simpletest": "dev-master"
            },
            "type": "library",
            "autoload": {
                "psr-0": {
                    "Gallery": "src/"
                }
            },
            "license": [
                "MIT"
            ],
            "authors": [
                {
                    "name": "Robert Blackwell",
                    "homepage": "https://github.com/robertblackwell"
                }
            ],
            "description": "A simple photo gallery library ",
            "homepage": "https://github.com/robertblackwell/gallery",
            "keywords": [
                "gallery",
                "photo",
                "php"
            ],
            "time": "2019-05-22T08:43:29+00:00"
        },
        {
            "name": "robertblackwell/gpscoordinates",
            "version": "dev-master",
            "source": {
                "type": "git",
                "url": "/Users/robertblackwell/git-repos/gps",
                "reference": "348cfd1c4c42f2001d167f1b4ad6409a92ddddf0"
            },
            "require": {
                "robertblackwell/trace": "@dev"
            },
            "require-dev": {
                "simpletest/simpletest": "dev-master"
            },
            "type": "library",
            "autoload": {
                "classmap": [
                    "src/"
                ]
            },
            "license": [
                "MIT"
            ],
            "authors": [
                {
                    "name": "Robert Blackwell",
                    "homepage": "https://github.com/robertblackwell"
                }
            ],
            "description": "An object for managing GPS coordinates in many formats",
            "homepage": "https://github.com/robertblackwell/gps",
            "keywords": [
                "gps"
            ],
            "time": "2013-11-14T18:31:41+00:00"
        },
        {
            "name": "robertblackwell/trace",
            "version": "dev-master",
            "source": {
                "type": "git",
                "url": "/Users/robertblackwell/git-repos/trace",
                "reference": "e8ee41c2193b013a444104d0680875465725c45f"
            },
            "require-dev": {
                "phpunit/phpunit": "4.1.*"
            },
            "type": "library",
            "autoload": {
                "psr-0": {
                    "Trace": "src/"
                }
            },
            "license": [
                "MIT"
            ],
            "authors": [
                {
                    "name": "Robert Blackwell",
                    "homepage": "https://github.com/robertblackwell"
                }
            ],
            "description": "A simple tracing library with easy on/off",
            "homepage": "https://github.com/robertblackwell/trace",
            "keywords": [
                "debug",
                "php",
                "trace"
            ],
            "time": "2018-12-31T13:39:44+00:00"
        }
    ],
    "packages-dev": [
        {
            "name": "kevinlebrun/colors.php",
            "version": "0.4.1",
            "source": {
                "type": "git",
                "url": "https://github.com/kevinlebrun/colors.php.git",
                "reference": "d132f36d06e48ea080855af19b4bcb1fb615224a"
            },
            "dist": {
                "type": "zip",
                "url": "https://api.github.com/repos/kevinlebrun/colors.php/zipball/d132f36d06e48ea080855af19b4bcb1fb615224a",
                "reference": "d132f36d06e48ea080855af19b4bcb1fb615224a",
                "shasum": ""
            },
            "require": {
                "php": ">=5.3.0"
            },
            "require-dev": {
                "phpunit/phpunit": "3.7.*",
                "satooshi/php-coveralls": "dev-master",
                "squizlabs/php_codesniffer": "1.*"
            },
            "type": "library",
            "autoload": {
                "psr-0": {
                    "Colors": "src/"
                }
            },
            "notification-url": "https://packagist.org/downloads/",
            "license": [
                "MIT"
            ],
            "authors": [
                {
                    "name": "Kevin Le Brun",
                    "email": "lebrun.k@gmail.com",
                    "homepage": "http://kevinlebrun.fr",
                    "role": "developer"
                }
            ],
            "description": "Colors for PHP CLI scripts",
            "homepage": "https://github.com/kevinlebrun/colors.php",
            "keywords": [
                "cli",
                "color",
                "colors",
                "console",
                "shell"
            ],
            "time": "2014-12-23T01:23:37+00:00"
        },
        {
            "name": "robertblackwell/litetest",
            "version": "v2.0.0",
            "source": {
                "type": "git",
                "url": "/Users/robertblackwell/git-repos/litetest",
                "reference": "17e52952c2826a57a593ac3d26ee8494f42ae68d"
            },
            "require": {
                "kevinlebrun/colors.php": "0.*"
            },
            "bin": [
                "bin/litetest",
                "bin/litetest.php"
            ],
            "type": "library",
            "autoload": {
                "psr-0": {
                    "LiteTest": "src/"
                }
            },
            "license": [
                "MIT"
            ],
            "authors": [
                {
                    "name": "robertblackwell",
                    "homepage": "https://github.com/robertblackwell"
                }
            ],
            "description": "A lightweight unit testing package - fork of",
            "homepage": "https://github.com/robertblackwell/litetest",
            "keywords": [
                "lightweight",
                "php",
                "unit testing"
            ],
            "time": "2019-07-01T07:51:39+00:00"
        }
    ],
    "aliases": [],
    "minimum-stability": "dev",
    "stability-flags": {
        "robertblackwell/gpscoordinates": 20,
        "robertblackwell/gallery": 20,
        "robertblackwell/trace": 20
    },
    "prefer-stable": false,
    "prefer-lowest": false,
    "platform": [],
    "platform-dev": []
}
