{
    "_readme": [
        "This file locks the dependencies of your project to a known state",
        "Read more about it at http://getcomposer.org/doc/01-basic-usage.md#composer-lock-the-lock-file"
    ],
    "hash": "b825a4e78794a5ec8f664242dee7cd62",
    "packages": [
        {
            "name": "robertblackwell/gallery",
            "version": "dev-master",
            "source": {
                "type": "git",
                "url": "/Users/rob/git-repos/gallery",
                "reference": "401e67a4e57eff9a9a727841ca0689555f683cf2"
            },
            "require": {
                "robertblackwell/trace": "@dev"
            },
            "require-dev": {
                "simpletest/simpletest": "dev-master"
            },
            "type": "library",
            "autoload": {
                "psr-0": {
                    "Gallery": "src/"
                }
            },
            "license": [
                "MIT"
            ],
            "authors": [
                {
                    "name": "Robert Blackwell",
                    "homepage": "https://github.com/robertblackwell"
                }
            ],
            "description": "A simple photo gallery library ",
            "homepage": "https://github.com/robertblackwell/gallery",
            "keywords": [
                "gallery",
                "photo",
                "php"
            ],
            "time": "2013-11-26 18:38:36"
        },
        {
            "name": "robertblackwell/gpscoordinates",
            "version": "dev-master",
            "source": {
                "type": "git",
                "url": "/Users/rob/git-repos/gps",
                "reference": "348cfd1c4c42f2001d167f1b4ad6409a92ddddf0"
            },
            "require": {
                "robertblackwell/trace": "@dev"
            },
            "require-dev": {
                "simpletest/simpletest": "dev-master"
            },
            "type": "library",
            "autoload": {
                "classmap": [
                    "src/"
                ]
            },
            "license": [
                "MIT"
            ],
            "authors": [
                {
                    "name": "Robert Blackwell",
                    "homepage": "https://github.com/robertblackwell"
                }
            ],
            "description": "An object for managing GPS coordinates in many formats",
            "homepage": "https://github.com/robertblackwell/gps",
            "keywords": [
                "gps"
            ],
            "time": "2013-11-14 18:31:41"
        },
        {
            "name": "robertblackwell/trace",
            "version": "dev-master",
            "source": {
                "type": "git",
                "url": "/Users/rob/git-repos/trace",
                "reference": "95232bda0eeb9c5efb908e185eca8ca3fe611678"
            },
            "require-dev": {
                "simpletest/simpletest": "dev-master"
            },
            "type": "library",
            "autoload": {
                "psr-0": {
                    "Trace": "src/"
                }
            },
            "license": [
                "MIT"
            ],
            "authors": [
                {
                    "name": "Robert Blackwell",
                    "homepage": "https://github.com/robertblackwell"
                }
            ],
            "description": "A simple tracing library with easy on/off",
            "homepage": "https://github.com/robertblackwell/trace",
            "keywords": [
                "debug",
                "php",
                "trace"
            ],
            "time": "2013-11-26 11:28:35"
        }
    ],
    "packages-dev": [
        {
            "name": "simpletest/simpletest",
            "version": "dev-master",
            "source": {
                "type": "git",
                "url": "https://github.com/simpletest/simpletest.git",
                "reference": "9084dc924a3d76a518e8c1cde3651ddeef7c6220"
            },
            "dist": {
                "type": "zip",
                "url": "https://api.github.com/repos/simpletest/simpletest/zipball/9084dc924a3d76a518e8c1cde3651ddeef7c6220",
                "reference": "9084dc924a3d76a518e8c1cde3651ddeef7c6220",
                "shasum": ""
            },
            "require": {
                "php": ">=5.0.5"
            },
            "replace": {
                "lastcraft/simpletest": "self.version",
                "vierbergenlars/simpletest": "self.version"
            },
            "type": "library",
            "autoload": {
                "classmap": [
                    "."
                ]
            },
            "notification-url": "https://packagist.org/downloads/",
            "license": [
                "LGPL-2.0+"
            ],
            "authors": [
                {
                    "name": "Lars Vierbergen",
                    "email": "vierbergenlars@gmail.com"
                },
                {
                    "name": "Lachlan Donald",
                    "email": "lachlan@ljd.cc"
                },
                {
                    "name": "Marcus Baker",
                    "email": "marcus@lastcraft.com",
                    "role": "Original project lead"
                },
                {
                    "name": "Jason Sweat",
                    "role": "Original developer"
                },
                {
                    "name": "Travis Swicegood",
                    "role": "Original developer"
                },
                {
                    "name": "Perrick Penet",
                    "role": "Original developer"
                },
                {
                    "name": "Edward Z. Yang",
                    "role": "Original developer"
                }
            ],
            "description": "Unit testing, mock objects and web testing framework for PHP built around test cases.",
            "homepage": "http://simpletest.org/",
            "keywords": [
                "SimpleTest",
                "code-coverage",
                "junit",
                "php",
                "selenium",
                "testing",
                "unit-test",
                "xunit"
            ],
            "time": "2013-09-21 20:58:43"
        }
    ],
    "aliases": [

    ],
    "minimum-stability": "stable",
    "stability-flags": {
        "robertblackwell/gpscoordinates": 20,
        "robertblackwell/gallery": 20,
        "robertblackwell/trace": 20,
        "simpletest/simpletest": 20
    },
    "platform": [

    ],
    "platform-dev": [

    ]
}
